
Microsoft Visual Studio Solution File, Format Version 12.00
# Visual Studio Version 17
VisualStudioVersion = 17.2.32602.215
MinimumVisualStudioVersion = 10.0.40219.1
Project("{9A19103F-16F7-4668-BE54-9A1E7A4F7556}") = "EFTutorial-20024", "EFTutorial-20024.csproj", "{0A379855-2B82-400A-BA03-3F10F29453FC}"
EndProject
Global
	GlobalSection(SolutionConfigurationPlatforms) = preSolution
		Debug|Any CPU = Debug|Any CPU
		Release|Any CPU = Release|Any CPU
	EndGlobalSection
	GlobalSection(ProjectConfigurationPlatforms) = postSolution
		{0A379855-2B82-400A-BA03-3F10F29453FC}.Debug|Any CPU.ActiveCfg = Debug|Any CPU
		{0A379855-2B82-400A-BA03-3F10F29453FC}.Debug|Any CPU.Build.0 = Debug|Any CPU
		{0A379855-2B82-400A-BA03-3F10F29453FC}.Release|Any CPU.ActiveCfg = Release|Any CPU
		{0A379855-2B82-400A-BA03-3F10F29453FC}.Release|Any CPU.Build.0 = Release|Any CPU
	EndGlobalSection
	GlobalSection(SolutionProperties) = preSolution
		HideSolutionNode = FALSE
	EndGlobalSection
	GlobalSection(ExtensibilityGlobals) = postSolution
		SolutionGuid = {761970B6-1630-4C0E-9A53-A807595369EA}
	EndGlobalSection
EndGlobal
